// !$*UTF8*$!
{
	archiveVersion = 1;
	classes = {
	};
	objectVersion = 50;
	objects = {

/* Begin PBXBuildFile section */
		C62A14D724BB6AA600E6C865 /* AppDelegate.swift in Sources */ = {isa = PBXBuildFile; fileRef = C62A14D624BB6AA600E6C865 /* AppDelegate.swift */; };
		C62A14D924BB6AA600E6C865 /* SceneDelegate.swift in Sources */ = {isa = PBXBuildFile; fileRef = C62A14D824BB6AA600E6C865 /* SceneDelegate.swift */; };
		C62A14DB24BB6AA600E6C865 /* ViewController.swift in Sources */ = {isa = PBXBuildFile; fileRef = C62A14DA24BB6AA600E6C865 /* ViewController.swift */; };
		C62A14DE24BB6AA600E6C865 /* Main.storyboard in Resources */ = {isa = PBXBuildFile; fileRef = C62A14DC24BB6AA600E6C865 /* Main.storyboard */; };
		C62A14E024BB6AB000E6C865 /* Assets.xcassets in Resources */ = {isa = PBXBuildFile; fileRef = C62A14DF24BB6AB000E6C865 /* Assets.xcassets */; };
		C62A14E324BB6AB000E6C865 /* LaunchScreen.storyboard in Resources */ = {isa = PBXBuildFile; fileRef = C62A14E124BB6AB000E6C865 /* LaunchScreen.storyboard */; };
/* End PBXBuildFile section */

/* Begin PBXFileReference section */
		C62A14D324BB6AA600E6C865 /* Assignment3a.app */ = {isa = PBXFileReference; explicitFileType = wrapper.application; includeInIndex = 0; path = Assignment3a.app; sourceTree = BUILT_PRODUCTS_DIR; };
		C62A14D624BB6AA600E6C865 /* AppDelegate.swift */ = {isa = PBXFileReference; lastKnownFileType = sourcecode.swift; path = AppDelegate.swift; sourceTree = "<group>"; };
		C62A14D824BB6AA600E6C865 /* SceneDelegate.swift */ = {isa = PBXFileReference; lastKnownFileType = sourcecode.swift; path = SceneDelegate.swift; sourceTree = "<group>"; };
		C62A14DA24BB6AA600E6C865 /* ViewController.swift */ = {isa = PBXFileReference; lastKnownFileType = sourcecode.swift; path = ViewController.swift; sourceTree = "<group>"; };
		C62A14DD24BB6AA600E6C865 /* Base */ = {isa = PBXFileReference; lastKnownFileType = file.storyboard; name = Base; path = Base.lproj/Main.storyboard; sourceTree = "<group>"; };
		C62A14DF24BB6AB000E6C865 /* Assets.xcassets */ = {isa = PBXFileReference; lastKnownFileType = folder.assetcatalog; path = Assets.xcassets; sourceTree = "<group>"; };
		C62A14E224BB6AB000E6C865 /* Base */ = {isa = PBXFileReference; lastKnownFileType = file.storyboard; name = Base; path = Base.lproj/LaunchScreen.storyboard; sourceTree = "<group>"; };
		C62A14E424BB6AB000E6C865 /* Info.plist */ = {isa = PBXFileReference; lastKnownFileType = text.plist.xml; path = Info.plist; sourceTree = "<group>"; };
/* End PBXFileReference section */

/* Begin PBXFrameworksBuildPhase section */
		C62A14D024BB6AA600E6C865 /* Frameworks */ = {
			isa = PBXFrameworksBuildPhase;
			buildActionMask = 2147483647;
			files = (
			);
			runOnlyForDeploymentPostprocessing = 0;
		};
/* End PBXFrameworksBuildPhase section */

/* Begin PBXGroup section */
		C62A14CA24BB6AA600E6C865 = {
			isa = PBXGroup;
			children = (
				C62A14D524BB6AA600E6C865 /* Assignment3a */,
				C62A14D424BB6AA600E6C865 /* Products */,
			);
			sourceTree = "<group>";
		};
		C62A14D424BB6AA600E6C865 /* Products */ = {
			isa = PBXGroup;
			children = (
				C62A14D324BB6AA600E6C865 /* Assignment3a.app */,
			);
			name = Products;
			sourceTree = "<group>";
		};
		C62A14D524BB6AA600E6C865 /* Assignment3a */ = {
			isa = PBXGroup;
			children = (
				C62A14D624BB6AA600E6C865 /* AppDelegate.swift */,
				C62A14D824BB6AA600E6C865 /* SceneDelegate.swift */,
				C62A14DA24BB6AA600E6C865 /* ViewController.swift */,
				C62A14DC24BB6AA600E6C865 /* Main.storyboard */,
				C62A14DF24BB6AB000E6C865 /* Assets.xcassets */,
				C62A14E124BB6AB000E6C865 /* LaunchScreen.storyboard */,
				C62A14E424BB6AB000E6C865 /* Info.plist */,
			);
			path = Assignment3a;
			sourceTree = "<group>";
		};
/* End PBXGroup section */

/* Begin PBXNativeTarget section */
		C62A14D224BB6AA600E6C865 /* Assignment3a */ = {
			isa = PBXNativeTarget;
			buildConfigurationList = C62A14E724BB6AB000E6C865 /* Build configuration list for PBXNativeTarget "Assignment3a" */;
			buildPhases = (
				C62A14CF24BB6AA600E6C865 /* Sources */,
				C62A14D024BB6AA600E6C865 /* Frameworks */,
				C62A14D124BB6AA600E6C865 /* Resources */,
			);
			buildRules = (
			);
			dependencies = (
			);
			name = Assignment3a;
			productName = Assignment3a;
			productReference = C62A14D324BB6AA600E6C865 /* Assignment3a.app */;
			productType = "com.apple.product-type.application";
		};
/* End PBXNativeTarget section */

/* Begin PBXProject section */
		C62A14CB24BB6AA600E6C865 /* Project object */ = {
			isa = PBXProject;
			attributes = {
				LastSwiftUpdateCheck = 1150;
				LastUpgradeCheck = 1150;
				ORGANIZATIONNAME = "Patrick Spafford";
				TargetAttributes = {
					C62A14D224BB6AA600E6C865 = {
						CreatedOnToolsVersion = 11.5;
					};
				};
			};
			buildConfigurationList = C62A14CE24BB6AA600E6C865 /* Build configuration list for PBXProject "Assignment3a" */;
			compatibilityVersion = "Xcode 9.3";
			developmentRegion = en;
			hasScannedForEncodings = 0;
			knownRegions = (
				en,
				Base,
			);
			mainGroup = C62A14CA24BB6AA600E6C865;
			productRefGroup = C62A14D424BB6AA600E6C865 /* Products */;
			projectDirPath = "";
			projectRoot = "";
			targets = (
				C62A14D224BB6AA600E6C865 /* Assignment3a */,
			);
		};
/* End PBXProject section */

/* Begin PBXResourcesBuildPhase section */
		C62A14D124BB6AA600E6C865 /* Resources */ = {
			isa = PBXResourcesBuildPhase;
			buildActionMask = 2147483647;
			files = (
				C62A14E324BB6AB000E6C865 /* LaunchScreen.storyboard in Resources */,
				C62A14E024BB6AB000E6C865 /* Assets.xcassets in Resources */,
				C62A14DE24BB6AA600E6C865 /* Main.storyboard in Resources */,
			);
			runOnlyForDeploymentPostprocessing = 0;
		};
/* End PBXResourcesBuildPhase section */

/* Begin PBXSourcesBuildPhase section */
		C62A14CF24BB6AA600E6C865 /* Sources */ = {
			isa = PBXSourcesBuildPhase;
			buildActionMask = 2147483647;
			files = (
				C62A14DB24BB6AA600E6C865 /* ViewController.swift in Sources */,
				C62A14D724BB6AA600E6C865 /* AppDelegate.swift in Sources */,
				C62A14D924BB6AA600E6C865 /* SceneDelegate.swift in Sources */,
			);
			runOnlyForDeploymentPostprocessing = 0;
		};
/* End PBXSourcesBuildPhase section */

/* Begin PBXVariantGroup section */
		C62A14DC24BB6AA600E6C865 /* Main.storyboard */ = {
			isa = PBXVariantGroup;
			children = (
				C62A14DD24BB6AA600E6C865 /* Base */,
			);
			name = Main.storyboard;
			sourceTree = "<group>";
		};
		C62A14E124BB6AB000E6C865 /* LaunchScreen.storyboard */ = {
			isa = PBXVariantGroup;
			children = (
				C62A14E224BB6AB000E6C865 /* Base */,
			);
			name = LaunchScreen.storyboard;
			sourceTree = "<group>";
		};
/* End PBXVariantGroup section */

/* Begin XCBuildConfiguration section */
		C62A14E524BB6AB000E6C865 /* Debug */ = {
			isa = XCBuildConfiguration;
			buildSettings = {
				ALWAYS_SEARCH_USER_PATHS = NO;
				CLANG_ANALYZER_NONNULL = YES;
				CLANG_ANALYZER_NUMBER_OBJECT_CONVERSION = YES_AGGRESSIVE;
				CLANG_CXX_LANGUAGE_STANDARD = "gnu++14";
				CLANG_CXX_LIBRARY = "libc++";
				CLANG_ENABLE_MODULES = YES;
				CLANG_ENABLE_OBJC_ARC = YES;
				CLANG_ENABLE_OBJC_WEAK = YES;
				CLANG_WARN_BLOCK_CAPTURE_AUTORELEASING = YES;
				CLANG_WARN_BOOL_CONVERSION = YES;
				CLANG_WARN_COMMA = YES;
				CLANG_WARN_CONSTANT_CONVERSION = YES;
				CLANG_WARN_DEPRECATED_OBJC_IMPLEMENTATIONS = YES;
				CLANG_WARN_DIRECT_OBJC_ISA_USAGE = YES_ERROR;
				CLANG_WARN_DOCUMENTATION_COMMENTS = YES;
				CLANG_WARN_EMPTY_BODY = YES;
				CLANG_WARN_ENUM_CONVERSION = YES;
				CLANG_WARN_INFINITE_RECURSION = YES;
				CLANG_WARN_INT_CONVERSION = YES;
				CLANG_WARN_NON_LITERAL_NULL_CONVERSION = YES;
				CLANG_WARN_OBJC_IMPLICIT_RETAIN_SELF = YES;
				CLANG_WARN_OBJC_LITERAL_CONVERSION = YES;
				CLANG_WARN_OBJC_ROOT_CLASS = YES_ERROR;
				CLANG_WARN_RANGE_LOOP_ANALYSIS = YES;
				CLANG_WARN_STRICT_PROTOTYPES = YES;
				CLANG_WARN_SUSPICIOUS_MOVE = YES;
				CLANG_WARN_UNGUARDED_AVAILABILITY = YES_AGGRESSIVE;
				CLANG_WARN_UNREACHABLE_CODE = YES;
				CLANG_WARN__DUPLICATE_METHOD_MATCH = YES;
				COPY_PHASE_STRIP = NO;
				DEBUG_INFORMATION_FORMAT = dwarf;
				ENABLE_STRICT_OBJC_MSGSEND = YES;
				ENABLE_TESTABILITY = YES;
				GCC_C_LANGUAGE_STANDARD = gnu11;
				GCC_DYNAMIC_NO_PIC = NO;
				GCC_NO_COMMON_BLOCKS = YES;
				GCC_OPTIMIZATION_LEVEL = 0;
				GCC_PREPROCESSOR_DEFINITIONS = (
					"DEBUG=1",
					"$(inherited)",
				);
				GCC_WARN_64_TO_32_BIT_CONVERSION = YES;
				GCC_WARN_ABOUT_RETURN_TYPE = YES_ERROR;
				GCC_WARN_UNDECLARED_SELECTOR = YES;
				GCC_WARN_UNINITIALIZED_AUTOS = YES_AGGRESSIVE;
				GCC_WARN_UNUSED_FUNCTION = YES;
				GCC_WARN_UNUSED_VARIABLE = YES;
				IPHONEOS_DEPLOYMENT_TARGET = 13.5;
				MTL_ENABLE_DEBUG_INFO = INCLUDE_SOURCE;
				MTL_FAST_MATH = YES;
				ONLY_ACTIVE_ARCH = YES;
				SDKROOT = iphoneos;
				SWIFT_ACTIVE_COMPILATION_CONDITIONS = DEBUG;
				SWIFT_OPTIMIZATION_LEVEL = "-Onone";
			};
			name = Debug;
		};
		C62A14E624BB6AB000E6C865 /* Release */ = {
			isa = XCBuildConfiguration;
			buildSettings = {
				ALWAYS_SEARCH_USER_PATHS = NO;
				CLANG_ANALYZER_NONNULL = YES;
				CLANG_ANALYZER_NUMBER_OBJECT_CONVERSION = YES_AGGRESSIVE;
				CLANG_CXX_LANGUAGE_STANDARD = "gnu++14";
				CLANG_CXX_LIBRARY = "libc++";
				CLANG_ENABLE_MODULES = YES;
				CLANG_ENABLE_OBJC_ARC = YES;
				CLANG_ENABLE_OBJC_WEAK = YES;
				CLANG_WARN_BLOCK_CAPTURE_AUTORELEASING = YES;
				CLANG_WARN_BOOL_CONVERSION = YES;
				CLANG_WARN_COMMA = YES;
				CLANG_WARN_CONSTANT_CONVERSION = YES;
				CLANG_WARN_DEPRECATED_OBJC_IMPLEMENTATIONS = YES;
				CLANG_WARN_DIRECT_OBJC_ISA_USAGE = YES_ERROR;
				CLANG_WARN_DOCUMENTATION_COMMENTS = YES;
				CLANG_WARN_EMPTY_BODY = YES;
				CLANG_WARN_ENUM_CONVERSION = YES;
				CLANG_WARN_INFINITE_RECURSION = YES;
				CLANG_WARN_INT_CONVERSION = YES;
				CLANG_WARN_NON_LITERAL_NULL_CONVERSION = YES;
				CLANG_WARN_OBJC_IMPLICIT_RETAIN_SELF = YES;
				CLANG_WARN_OBJC_LITERAL_CONVERSION = YES;
				CLANG_WARN_OBJC_ROOT_CLASS = YES_ERROR;
				CLANG_WARN_RANGE_LOOP_ANALYSIS = YES;
				CLANG_WARN_STRICT_PROTOTYPES = YES;
				CLANG_WARN_SUSPICIOUS_MOVE = YES;
				CLANG_WARN_UNGUARDED_AVAILABILITY = YES_AGGRESSIVE;
				CLANG_WARN_UNREACHABLE_CODE = YES;
				CLANG_WARN__DUPLICATE_METHOD_MATCH = YES;
				COPY_PHASE_STRIP = NO;
				DEBUG_INFORMATION_FORMAT = "dwarf-with-dsym";
				ENABLE_NS_ASSERTIONS = NO;
				ENABLE_STRICT_OBJC_MSGSEND = YES;
				GCC_C_LANGUAGE_STANDARD = gnu11;
				GCC_NO_COMMON_BLOCKS = YES;
				GCC_WARN_64_TO_32_BIT_CONVERSION = YES;
				GCC_WARN_ABOUT_RETURN_TYPE = YES_ERROR;
				GCC_WARN_UNDECLARED_SELECTOR = YES;
				GCC_WARN_UNINITIALIZED_AUTOS = YES_AGGRESSIVE;
				GCC_WARN_UNUSED_FUNCTION = YES;
				GCC_WARN_UNUSED_VARIABLE = YES;
				IPHONEOS_DEPLOYMENT_TARGET = 13.5;
				MTL_ENABLE_DEBUG_INFO = NO;
				MTL_FAST_MATH = YES;
				SDKROOT = iphoneos;
				SWIFT_COMPILATION_MODE = wholemodule;
				SWIFT_OPTIMIZATION_LEVEL = "-O";
				VALIDATE_PRODUCT = YES;
			};
			name = Release;
		};
		C62A14E824BB6AB000E6C865 /* Debug */ = {
			isa = XCBuildConfiguration;
			buildSettings = {
				ASSETCATALOG_COMPILER_APPICON_NAME = AppIcon;
				CODE_SIGN_STYLE = Automatic;
				DEVELOPMENT_TEAM = GKT4M78BGK;
				INFOPLIST_FILE = Assignment3a/Info.plist;
				LD_RUNPATH_SEARCH_PATHS = (
					"$(inherited)",
					"@executable_path/Frameworks",
				);
				PRODUCT_BUNDLE_IDENTIFIER = spaff.Assignment3a;
				PRODUCT_NAME = "$(TARGET_NAME)";
				SWIFT_VERSION = 5.0;
				TARGETED_DEVICE_FAMILY = "1,2";
			};
			name = Debug;
		};
		C62A14E924BB6AB000E6C865 /* Release */ = {
			isa = XCBuildConfiguration;
			buildSettings = {
				ASSETCATALOG_COMPILER_APPICON_NAME = AppIcon;
				CODE_SIGN_STYLE = Automatic;
				DEVELOPMENT_TEAM = GKT4M78BGK;
				INFOPLIST_FILE = Assignment3a/Info.plist;
				LD_RUNPATH_SEARCH_PATHS = (
					"$(inherited)",
					"@executable_path/Frameworks",
				);
				PRODUCT_BUNDLE_IDENTIFIER = spaff.Assignment3a;
				PRODUCT_NAME = "$(TARGET_NAME)";
				SWIFT_VERSION = 5.0;
				TARGETED_DEVICE_FAMILY = "1,2";
			};
			name = Release;
		};
/* End XCBuildConfiguration section */

/* Begin XCConfigurationList section */
		C62A14CE24BB6AA600E6C865 /* Build configuration list for PBXProject "Assignment3a" */ = {
			isa = XCConfigurationList;
			buildConfigurations = (
				C62A14E524BB6AB000E6C865 /* Debug */,
				C62A14E624BB6AB000E6C865 /* Release */,
			);
			defaultConfigurationIsVisible = 0;
			defaultConfigurationName = Release;
		};
		C62A14E724BB6AB000E6C865 /* Build configuration list for PBXNativeTarget "Assignment3a" */ = {
			isa = XCConfigurationList;
			buildConfigurations = (
				C62A14E824BB6AB000E6C865 /* Debug */,
				C62A14E924BB6AB000E6C865 /* Release */,
			);
			defaultConfigurationIsVisible = 0;
			defaultConfigurationName = Release;
		};
/* End XCConfigurationList section */
	};
	rootObject = C62A14CB24BB6AA600E6C865 /* Project object */;
}
