// !$*UTF8*$!
{
	archiveVersion = 1;
	classes = {
	};
	objectVersion = 50;
	objects = {

/* Begin PBXBuildFile section */
		C68BE63024D07B1000E3FC44 /* AppDelegate.swift in Sources */ = {isa = PBXBuildFile; fileRef = C68BE62F24D07B1000E3FC44 /* AppDelegate.swift */; };
		C68BE63224D07B1000E3FC44 /* SceneDelegate.swift in Sources */ = {isa = PBXBuildFile; fileRef = C68BE63124D07B1000E3FC44 /* SceneDelegate.swift */; };
		C68BE63724D07B1000E3FC44 /* Main.storyboard in Resources */ = {isa = PBXBuildFile; fileRef = C68BE63524D07B1000E3FC44 /* Main.storyboard */; };
		C68BE63924D07B1200E3FC44 /* Assets.xcassets in Resources */ = {isa = PBXBuildFile; fileRef = C68BE63824D07B1200E3FC44 /* Assets.xcassets */; };
		C68BE63C24D07B1200E3FC44 /* LaunchScreen.storyboard in Resources */ = {isa = PBXBuildFile; fileRef = C68BE63A24D07B1200E3FC44 /* LaunchScreen.storyboard */; };
		C68BE64424D07BB500E3FC44 /* RootTableViewController.swift in Sources */ = {isa = PBXBuildFile; fileRef = C68BE64324D07BB500E3FC44 /* RootTableViewController.swift */; };
		C68BE64624D0806F00E3FC44 /* Album.swift in Sources */ = {isa = PBXBuildFile; fileRef = C68BE64524D0806F00E3FC44 /* Album.swift */; };
		C68BE64824D0822C00E3FC44 /* AlbumsList.swift in Sources */ = {isa = PBXBuildFile; fileRef = C68BE64724D0822C00E3FC44 /* AlbumsList.swift */; };
		C68BE64C24D08D3500E3FC44 /* AlbumDetailViewController.swift in Sources */ = {isa = PBXBuildFile; fileRef = C68BE64B24D08D3500E3FC44 /* AlbumDetailViewController.swift */; };
		C68BE64E24D1DD1B00E3FC44 /* AddAlbumViewController.swift in Sources */ = {isa = PBXBuildFile; fileRef = C68BE64D24D1DD1B00E3FC44 /* AddAlbumViewController.swift */; };
		C68BE65024D1E30D00E3FC44 /* AddTrackViewController.swift in Sources */ = {isa = PBXBuildFile; fileRef = C68BE64F24D1E30D00E3FC44 /* AddTrackViewController.swift */; };
/* End PBXBuildFile section */

/* Begin PBXFileReference section */
		C68BE62C24D07B1000E3FC44 /* Assignment3b-2.app */ = {isa = PBXFileReference; explicitFileType = wrapper.application; includeInIndex = 0; path = "Assignment3b-2.app"; sourceTree = BUILT_PRODUCTS_DIR; };
		C68BE62F24D07B1000E3FC44 /* AppDelegate.swift */ = {isa = PBXFileReference; lastKnownFileType = sourcecode.swift; path = AppDelegate.swift; sourceTree = "<group>"; };
		C68BE63124D07B1000E3FC44 /* SceneDelegate.swift */ = {isa = PBXFileReference; lastKnownFileType = sourcecode.swift; path = SceneDelegate.swift; sourceTree = "<group>"; };
		C68BE63624D07B1000E3FC44 /* Base */ = {isa = PBXFileReference; lastKnownFileType = file.storyboard; name = Base; path = Base.lproj/Main.storyboard; sourceTree = "<group>"; };
		C68BE63824D07B1200E3FC44 /* Assets.xcassets */ = {isa = PBXFileReference; lastKnownFileType = folder.assetcatalog; path = Assets.xcassets; sourceTree = "<group>"; };
		C68BE63B24D07B1200E3FC44 /* Base */ = {isa = PBXFileReference; lastKnownFileType = file.storyboard; name = Base; path = Base.lproj/LaunchScreen.storyboard; sourceTree = "<group>"; };
		C68BE63D24D07B1200E3FC44 /* Info.plist */ = {isa = PBXFileReference; lastKnownFileType = text.plist.xml; path = Info.plist; sourceTree = "<group>"; };
		C68BE64324D07BB500E3FC44 /* RootTableViewController.swift */ = {isa = PBXFileReference; lastKnownFileType = sourcecode.swift; path = RootTableViewController.swift; sourceTree = "<group>"; };
		C68BE64524D0806F00E3FC44 /* Album.swift */ = {isa = PBXFileReference; lastKnownFileType = sourcecode.swift; path = Album.swift; sourceTree = "<group>"; };
		C68BE64724D0822C00E3FC44 /* AlbumsList.swift */ = {isa = PBXFileReference; lastKnownFileType = sourcecode.swift; path = AlbumsList.swift; sourceTree = "<group>"; };
		C68BE64B24D08D3500E3FC44 /* AlbumDetailViewController.swift */ = {isa = PBXFileReference; lastKnownFileType = sourcecode.swift; path = AlbumDetailViewController.swift; sourceTree = "<group>"; };
		C68BE64D24D1DD1B00E3FC44 /* AddAlbumViewController.swift */ = {isa = PBXFileReference; lastKnownFileType = sourcecode.swift; path = AddAlbumViewController.swift; sourceTree = "<group>"; };
		C68BE64F24D1E30D00E3FC44 /* AddTrackViewController.swift */ = {isa = PBXFileReference; lastKnownFileType = sourcecode.swift; path = AddTrackViewController.swift; sourceTree = "<group>"; };
/* End PBXFileReference section */

/* Begin PBXFrameworksBuildPhase section */
		C68BE62924D07B1000E3FC44 /* Frameworks */ = {
			isa = PBXFrameworksBuildPhase;
			buildActionMask = 2147483647;
			files = (
			);
			runOnlyForDeploymentPostprocessing = 0;
		};
/* End PBXFrameworksBuildPhase section */

/* Begin PBXGroup section */
		C68BE62324D07B1000E3FC44 = {
			isa = PBXGroup;
			children = (
				C68BE62E24D07B1000E3FC44 /* Assignment3b-2 */,
				C68BE62D24D07B1000E3FC44 /* Products */,
			);
			sourceTree = "<group>";
		};
		C68BE62D24D07B1000E3FC44 /* Products */ = {
			isa = PBXGroup;
			children = (
				C68BE62C24D07B1000E3FC44 /* Assignment3b-2.app */,
			);
			name = Products;
			sourceTree = "<group>";
		};
		C68BE62E24D07B1000E3FC44 /* Assignment3b-2 */ = {
			isa = PBXGroup;
			children = (
				C68BE62F24D07B1000E3FC44 /* AppDelegate.swift */,
				C68BE64524D0806F00E3FC44 /* Album.swift */,
				C68BE64724D0822C00E3FC44 /* AlbumsList.swift */,
				C68BE63124D07B1000E3FC44 /* SceneDelegate.swift */,
				C68BE64D24D1DD1B00E3FC44 /* AddAlbumViewController.swift */,
				C68BE64F24D1E30D00E3FC44 /* AddTrackViewController.swift */,
				C68BE64B24D08D3500E3FC44 /* AlbumDetailViewController.swift */,
				C68BE63524D07B1000E3FC44 /* Main.storyboard */,
				C68BE64324D07BB500E3FC44 /* RootTableViewController.swift */,
				C68BE63824D07B1200E3FC44 /* Assets.xcassets */,
				C68BE63A24D07B1200E3FC44 /* LaunchScreen.storyboard */,
				C68BE63D24D07B1200E3FC44 /* Info.plist */,
			);
			path = "Assignment3b-2";
			sourceTree = "<group>";
		};
/* End PBXGroup section */

/* Begin PBXNativeTarget section */
		C68BE62B24D07B1000E3FC44 /* Assignment3b-2 */ = {
			isa = PBXNativeTarget;
			buildConfigurationList = C68BE64024D07B1200E3FC44 /* Build configuration list for PBXNativeTarget "Assignment3b-2" */;
			buildPhases = (
				C68BE62824D07B1000E3FC44 /* Sources */,
				C68BE62924D07B1000E3FC44 /* Frameworks */,
				C68BE62A24D07B1000E3FC44 /* Resources */,
			);
			buildRules = (
			);
			dependencies = (
			);
			name = "Assignment3b-2";
			productName = "Assignment3b-2";
			productReference = C68BE62C24D07B1000E3FC44 /* Assignment3b-2.app */;
			productType = "com.apple.product-type.application";
		};
/* End PBXNativeTarget section */

/* Begin PBXProject section */
		C68BE62424D07B1000E3FC44 /* Project object */ = {
			isa = PBXProject;
			attributes = {
				LastSwiftUpdateCheck = 1150;
				LastUpgradeCheck = 1150;
				ORGANIZATIONNAME = "Patrick Spafford";
				TargetAttributes = {
					C68BE62B24D07B1000E3FC44 = {
						CreatedOnToolsVersion = 11.5;
					};
				};
			};
			buildConfigurationList = C68BE62724D07B1000E3FC44 /* Build configuration list for PBXProject "Assignment3b-2" */;
			compatibilityVersion = "Xcode 9.3";
			developmentRegion = en;
			hasScannedForEncodings = 0;
			knownRegions = (
				en,
				Base,
			);
			mainGroup = C68BE62324D07B1000E3FC44;
			productRefGroup = C68BE62D24D07B1000E3FC44 /* Products */;
			projectDirPath = "";
			projectRoot = "";
			targets = (
				C68BE62B24D07B1000E3FC44 /* Assignment3b-2 */,
			);
		};
/* End PBXProject section */

/* Begin PBXResourcesBuildPhase section */
		C68BE62A24D07B1000E3FC44 /* Resources */ = {
			isa = PBXResourcesBuildPhase;
			buildActionMask = 2147483647;
			files = (
				C68BE63C24D07B1200E3FC44 /* LaunchScreen.storyboard in Resources */,
				C68BE63924D07B1200E3FC44 /* Assets.xcassets in Resources */,
				C68BE63724D07B1000E3FC44 /* Main.storyboard in Resources */,
			);
			runOnlyForDeploymentPostprocessing = 0;
		};
/* End PBXResourcesBuildPhase section */

/* Begin PBXSourcesBuildPhase section */
		C68BE62824D07B1000E3FC44 /* Sources */ = {
			isa = PBXSourcesBuildPhase;
			buildActionMask = 2147483647;
			files = (
				C68BE64E24D1DD1B00E3FC44 /* AddAlbumViewController.swift in Sources */,
				C68BE63024D07B1000E3FC44 /* AppDelegate.swift in Sources */,
				C68BE64424D07BB500E3FC44 /* RootTableViewController.swift in Sources */,
				C68BE64824D0822C00E3FC44 /* AlbumsList.swift in Sources */,
				C68BE65024D1E30D00E3FC44 /* AddTrackViewController.swift in Sources */,
				C68BE63224D07B1000E3FC44 /* SceneDelegate.swift in Sources */,
				C68BE64624D0806F00E3FC44 /* Album.swift in Sources */,
				C68BE64C24D08D3500E3FC44 /* AlbumDetailViewController.swift in Sources */,
			);
			runOnlyForDeploymentPostprocessing = 0;
		};
/* End PBXSourcesBuildPhase section */

/* Begin PBXVariantGroup section */
		C68BE63524D07B1000E3FC44 /* Main.storyboard */ = {
			isa = PBXVariantGroup;
			children = (
				C68BE63624D07B1000E3FC44 /* Base */,
			);
			name = Main.storyboard;
			sourceTree = "<group>";
		};
		C68BE63A24D07B1200E3FC44 /* LaunchScreen.storyboard */ = {
			isa = PBXVariantGroup;
			children = (
				C68BE63B24D07B1200E3FC44 /* Base */,
			);
			name = LaunchScreen.storyboard;
			sourceTree = "<group>";
		};
/* End PBXVariantGroup section */

/* Begin XCBuildConfiguration section */
		C68BE63E24D07B1200E3FC44 /* Debug */ = {
			isa = XCBuildConfiguration;
			buildSettings = {
				ALWAYS_SEARCH_USER_PATHS = NO;
				CLANG_ANALYZER_NONNULL = YES;
				CLANG_ANALYZER_NUMBER_OBJECT_CONVERSION = YES_AGGRESSIVE;
				CLANG_CXX_LANGUAGE_STANDARD = "gnu++14";
				CLANG_CXX_LIBRARY = "libc++";
				CLANG_ENABLE_MODULES = YES;
				CLANG_ENABLE_OBJC_ARC = YES;
				CLANG_ENABLE_OBJC_WEAK = YES;
				CLANG_WARN_BLOCK_CAPTURE_AUTORELEASING = YES;
				CLANG_WARN_BOOL_CONVERSION = YES;
				CLANG_WARN_COMMA = YES;
				CLANG_WARN_CONSTANT_CONVERSION = YES;
				CLANG_WARN_DEPRECATED_OBJC_IMPLEMENTATIONS = YES;
				CLANG_WARN_DIRECT_OBJC_ISA_USAGE = YES_ERROR;
				CLANG_WARN_DOCUMENTATION_COMMENTS = YES;
				CLANG_WARN_EMPTY_BODY = YES;
				CLANG_WARN_ENUM_CONVERSION = YES;
				CLANG_WARN_INFINITE_RECURSION = YES;
				CLANG_WARN_INT_CONVERSION = YES;
				CLANG_WARN_NON_LITERAL_NULL_CONVERSION = YES;
				CLANG_WARN_OBJC_IMPLICIT_RETAIN_SELF = YES;
				CLANG_WARN_OBJC_LITERAL_CONVERSION = YES;
				CLANG_WARN_OBJC_ROOT_CLASS = YES_ERROR;
				CLANG_WARN_RANGE_LOOP_ANALYSIS = YES;
				CLANG_WARN_STRICT_PROTOTYPES = YES;
				CLANG_WARN_SUSPICIOUS_MOVE = YES;
				CLANG_WARN_UNGUARDED_AVAILABILITY = YES_AGGRESSIVE;
				CLANG_WARN_UNREACHABLE_CODE = YES;
				CLANG_WARN__DUPLICATE_METHOD_MATCH = YES;
				COPY_PHASE_STRIP = NO;
				DEBUG_INFORMATION_FORMAT = dwarf;
				ENABLE_STRICT_OBJC_MSGSEND = YES;
				ENABLE_TESTABILITY = YES;
				GCC_C_LANGUAGE_STANDARD = gnu11;
				GCC_DYNAMIC_NO_PIC = NO;
				GCC_NO_COMMON_BLOCKS = YES;
				GCC_OPTIMIZATION_LEVEL = 0;
				GCC_PREPROCESSOR_DEFINITIONS = (
					"DEBUG=1",
					"$(inherited)",
				);
				GCC_WARN_64_TO_32_BIT_CONVERSION = YES;
				GCC_WARN_ABOUT_RETURN_TYPE = YES_ERROR;
				GCC_WARN_UNDECLARED_SELECTOR = YES;
				GCC_WARN_UNINITIALIZED_AUTOS = YES_AGGRESSIVE;
				GCC_WARN_UNUSED_FUNCTION = YES;
				GCC_WARN_UNUSED_VARIABLE = YES;
				IPHONEOS_DEPLOYMENT_TARGET = 13.5;
				MTL_ENABLE_DEBUG_INFO = INCLUDE_SOURCE;
				MTL_FAST_MATH = YES;
				ONLY_ACTIVE_ARCH = YES;
				SDKROOT = iphoneos;
				SWIFT_ACTIVE_COMPILATION_CONDITIONS = DEBUG;
				SWIFT_OPTIMIZATION_LEVEL = "-Onone";
			};
			name = Debug;
		};
		C68BE63F24D07B1200E3FC44 /* Release */ = {
			isa = XCBuildConfiguration;
			buildSettings = {
				ALWAYS_SEARCH_USER_PATHS = NO;
				CLANG_ANALYZER_NONNULL = YES;
				CLANG_ANALYZER_NUMBER_OBJECT_CONVERSION = YES_AGGRESSIVE;
				CLANG_CXX_LANGUAGE_STANDARD = "gnu++14";
				CLANG_CXX_LIBRARY = "libc++";
				CLANG_ENABLE_MODULES = YES;
				CLANG_ENABLE_OBJC_ARC = YES;
				CLANG_ENABLE_OBJC_WEAK = YES;
				CLANG_WARN_BLOCK_CAPTURE_AUTORELEASING = YES;
				CLANG_WARN_BOOL_CONVERSION = YES;
				CLANG_WARN_COMMA = YES;
				CLANG_WARN_CONSTANT_CONVERSION = YES;
				CLANG_WARN_DEPRECATED_OBJC_IMPLEMENTATIONS = YES;
				CLANG_WARN_DIRECT_OBJC_ISA_USAGE = YES_ERROR;
				CLANG_WARN_DOCUMENTATION_COMMENTS = YES;
				CLANG_WARN_EMPTY_BODY = YES;
				CLANG_WARN_ENUM_CONVERSION = YES;
				CLANG_WARN_INFINITE_RECURSION = YES;
				CLANG_WARN_INT_CONVERSION = YES;
				CLANG_WARN_NON_LITERAL_NULL_CONVERSION = YES;
				CLANG_WARN_OBJC_IMPLICIT_RETAIN_SELF = YES;
				CLANG_WARN_OBJC_LITERAL_CONVERSION = YES;
				CLANG_WARN_OBJC_ROOT_CLASS = YES_ERROR;
				CLANG_WARN_RANGE_LOOP_ANALYSIS = YES;
				CLANG_WARN_STRICT_PROTOTYPES = YES;
				CLANG_WARN_SUSPICIOUS_MOVE = YES;
				CLANG_WARN_UNGUARDED_AVAILABILITY = YES_AGGRESSIVE;
				CLANG_WARN_UNREACHABLE_CODE = YES;
				CLANG_WARN__DUPLICATE_METHOD_MATCH = YES;
				COPY_PHASE_STRIP = NO;
				DEBUG_INFORMATION_FORMAT = "dwarf-with-dsym";
				ENABLE_NS_ASSERTIONS = NO;
				ENABLE_STRICT_OBJC_MSGSEND = YES;
				GCC_C_LANGUAGE_STANDARD = gnu11;
				GCC_NO_COMMON_BLOCKS = YES;
				GCC_WARN_64_TO_32_BIT_CONVERSION = YES;
				GCC_WARN_ABOUT_RETURN_TYPE = YES_ERROR;
				GCC_WARN_UNDECLARED_SELECTOR = YES;
				GCC_WARN_UNINITIALIZED_AUTOS = YES_AGGRESSIVE;
				GCC_WARN_UNUSED_FUNCTION = YES;
				GCC_WARN_UNUSED_VARIABLE = YES;
				IPHONEOS_DEPLOYMENT_TARGET = 13.5;
				MTL_ENABLE_DEBUG_INFO = NO;
				MTL_FAST_MATH = YES;
				SDKROOT = iphoneos;
				SWIFT_COMPILATION_MODE = wholemodule;
				SWIFT_OPTIMIZATION_LEVEL = "-O";
				VALIDATE_PRODUCT = YES;
			};
			name = Release;
		};
		C68BE64124D07B1200E3FC44 /* Debug */ = {
			isa = XCBuildConfiguration;
			buildSettings = {
				ASSETCATALOG_COMPILER_APPICON_NAME = AppIcon;
				CODE_SIGN_STYLE = Automatic;
				DEVELOPMENT_TEAM = GKT4M78BGK;
				INFOPLIST_FILE = "Assignment3b-2/Info.plist";
				LD_RUNPATH_SEARCH_PATHS = (
					"$(inherited)",
					"@executable_path/Frameworks",
				);
				PRODUCT_BUNDLE_IDENTIFIER = "Tennibot.Assignment3b-2";
				PRODUCT_NAME = "$(TARGET_NAME)";
				SWIFT_VERSION = 5.0;
				TARGETED_DEVICE_FAMILY = "1,2";
			};
			name = Debug;
		};
		C68BE64224D07B1200E3FC44 /* Release */ = {
			isa = XCBuildConfiguration;
			buildSettings = {
				ASSETCATALOG_COMPILER_APPICON_NAME = AppIcon;
				CODE_SIGN_STYLE = Automatic;
				DEVELOPMENT_TEAM = GKT4M78BGK;
				INFOPLIST_FILE = "Assignment3b-2/Info.plist";
				LD_RUNPATH_SEARCH_PATHS = (
					"$(inherited)",
					"@executable_path/Frameworks",
				);
				PRODUCT_BUNDLE_IDENTIFIER = "Tennibot.Assignment3b-2";
				PRODUCT_NAME = "$(TARGET_NAME)";
				SWIFT_VERSION = 5.0;
				TARGETED_DEVICE_FAMILY = "1,2";
			};
			name = Release;
		};
/* End XCBuildConfiguration section */

/* Begin XCConfigurationList section */
		C68BE62724D07B1000E3FC44 /* Build configuration list for PBXProject "Assignment3b-2" */ = {
			isa = XCConfigurationList;
			buildConfigurations = (
				C68BE63E24D07B1200E3FC44 /* Debug */,
				C68BE63F24D07B1200E3FC44 /* Release */,
			);
			defaultConfigurationIsVisible = 0;
			defaultConfigurationName = Release;
		};
		C68BE64024D07B1200E3FC44 /* Build configuration list for PBXNativeTarget "Assignment3b-2" */ = {
			isa = XCConfigurationList;
			buildConfigurations = (
				C68BE64124D07B1200E3FC44 /* Debug */,
				C68BE64224D07B1200E3FC44 /* Release */,
			);
			defaultConfigurationIsVisible = 0;
			defaultConfigurationName = Release;
		};
/* End XCConfigurationList section */
	};
	rootObject = C68BE62424D07B1000E3FC44 /* Project object */;
}
